
Microsoft Visual Studio Solution File, Format Version 11.00
# Visual C++ Express 2010
Project("{8BC9CEB8-8B4A-11D0-8D11-00A0C91BC942}") = "demo", "demo\demo.vcxproj", "{659CE82A-959E-46C0-ACCC-A3BE0A0CB860}"
EndProject
Project("{8BC9CEB8-8B4A-11D0-8D11-00A0C91BC942}") = "chipmunk", "chipmunk\chipmunk.vcxproj", "{C1ACE86E-5A14-490A-9678-104BA2546723}"
EndProject
Global
	GlobalSection(SolutionConfigurationPlatforms) = preSolution
		Debug DLL|Win32 = Debug DLL|Win32
		Debug|Win32 = Debug|Win32
		Release DLL|Win32 = Release DLL|Win32
		Release|Win32 = Release|Win32
	EndGlobalSection
	GlobalSection(ProjectConfigurationPlatforms) = postSolution
		{659CE82A-959E-46C0-ACCC-A3BE0A0CB860}.Debug DLL|Win32.ActiveCfg = Debug DLL|Win32
		{659CE82A-959E-46C0-ACCC-A3BE0A0CB860}.Debug DLL|Win32.Build.0 = Debug DLL|Win32
		{659CE82A-959E-46C0-ACCC-A3BE0A0CB860}.Debug|Win32.ActiveCfg = Debug|Win32
		{659CE82A-959E-46C0-ACCC-A3BE0A0CB860}.Debug|Win32.Build.0 = Debug|Win32
		{659CE82A-959E-46C0-ACCC-A3BE0A0CB860}.Release DLL|Win32.ActiveCfg = Release DLL|Win32
		{659CE82A-959E-46C0-ACCC-A3BE0A0CB860}.Release DLL|Win32.Build.0 = Release DLL|Win32
		{659CE82A-959E-46C0-ACCC-A3BE0A0CB860}.Release|Win32.ActiveCfg = Release|Win32
		{659CE82A-959E-46C0-ACCC-A3BE0A0CB860}.Release|Win32.Build.0 = Release|Win32
		{C1ACE86E-5A14-490A-9678-104BA2546723}.Debug DLL|Win32.ActiveCfg = Debug DLL|Win32
		{C1ACE86E-5A14-490A-9678-104BA2546723}.Debug DLL|Win32.Build.0 = Debug DLL|Win32
		{C1ACE86E-5A14-490A-9678-104BA2546723}.Debug|Win32.ActiveCfg = Debug|Win32
		{C1ACE86E-5A14-490A-9678-104BA2546723}.Debug|Win32.Build.0 = Debug|Win32
		{C1ACE86E-5A14-490A-9678-104BA2546723}.Release DLL|Win32.ActiveCfg = Release DLL|Win32
		{C1ACE86E-5A14-490A-9678-104BA2546723}.Release DLL|Win32.Build.0 = Release DLL|Win32
		{C1ACE86E-5A14-490A-9678-104BA2546723}.Release|Win32.ActiveCfg = Release|Win32
		{C1ACE86E-5A14-490A-9678-104BA2546723}.Release|Win32.Build.0 = Release|Win32
	EndGlobalSection
	GlobalSection(SolutionProperties) = preSolution
		HideSolutionNode = FALSE
	EndGlobalSection
EndGlobal
