Microsoft Visual Studio Solution File, Format Version 8.00
Project("{8BC9CEB8-8B4A-11D0-8D11-00A0C91BC942}") = "Chipmunk4MSVC2k3", "Chipmunk4MSVC2k3\ChipmunkMSVC.vcproj", "{F61CF011-DFBE-4FAD-9CAF-A62C0240616D}"
	ProjectSection(ProjectDependencies) = postProject
	EndProjectSection
EndProject
Global
	GlobalSection(SolutionConfiguration) = preSolution
		Debug = Debug
		Release = Release
	EndGlobalSection
	GlobalSection(ProjectConfiguration) = postSolution
		{F61CF011-DFBE-4FAD-9CAF-A62C0240616D}.Debug.ActiveCfg = Debug|Win32
		{F61CF011-DFBE-4FAD-9CAF-A62C0240616D}.Debug.Build.0 = Debug|Win32
		{F61CF011-DFBE-4FAD-9CAF-A62C0240616D}.Release.ActiveCfg = Release|Win32
		{F61CF011-DFBE-4FAD-9CAF-A62C0240616D}.Release.Build.0 = Release|Win32
	EndGlobalSection
	GlobalSection(ExtensibilityGlobals) = postSolution
	EndGlobalSection
	GlobalSection(ExtensibilityAddIns) = postSolution
	EndGlobalSection
	GlobalSection(SolutionConfigurationPlatforms) = preSolution
		Debug|Win32 = Debug|Win32
		Release|Win32 = Release|Win32
	EndGlobalSection
	GlobalSection(ProjectConfigurationPlatforms) = postSolution
		{F61CF011-DFBE-4FAD-9CAF-A62C0240616D}.Debug|Win32.ActiveCfg = Debug|Win32
		{F61CF011-DFBE-4FAD-9CAF-A62C0240616D}.Debug|Win32.Build.0 = Debug|Win32
		{F61CF011-DFBE-4FAD-9CAF-A62C0240616D}.Release|Win32.ActiveCfg = Release|Win32
		{F61CF011-DFBE-4FAD-9CAF-A62C0240616D}.Release|Win32.Build.0 = Release|Win32
	EndGlobalSection
	GlobalSection(SolutionProperties) = preSolution
		HideSolutionNode = FALSE
	EndGlobalSection
EndGlobal
